// !$*UTF8*$!
{
	archiveVersion = 1;
	classes = {
	};
	objectVersion = 46;
	objects = {

/* Begin PBXBuildFile section */
		40359A791D1AF05C00A97EE3 /* AppDelegate.swift in Sources */ = {isa = PBXBuildFile; fileRef = 40359A781D1AF05C00A97EE3 /* AppDelegate.swift */; };
		40359A7E1D1AF05C00A97EE3 /* Main.storyboard in Resources */ = {isa = PBXBuildFile; fileRef = 40359A7C1D1AF05C00A97EE3 /* Main.storyboard */; };
		40359A801D1AF05C00A97EE3 /* Assets.xcassets in Resources */ = {isa = PBXBuildFile; fileRef = 40359A7F1D1AF05C00A97EE3 /* Assets.xcassets */; };
		40359A831D1AF05C00A97EE3 /* LaunchScreen.storyboard in Resources */ = {isa = PBXBuildFile; fileRef = 40359A811D1AF05C00A97EE3 /* LaunchScreen.storyboard */; };
		40359A8B1D1AF2AC00A97EE3 /* MessagesListViewController.swift in Sources */ = {isa = PBXBuildFile; fileRef = 40359A8A1D1AF2AC00A97EE3 /* MessagesListViewController.swift */; };
		40359A8D1D1AF42F00A97EE3 /* Message.swift in Sources */ = {isa = PBXBuildFile; fileRef = 40359A8C1D1AF42F00A97EE3 /* Message.swift */; };
		40359A8F1D1AF49200A97EE3 /* CloudKitManager.swift in Sources */ = {isa = PBXBuildFile; fileRef = 40359A8E1D1AF49200A97EE3 /* CloudKitManager.swift */; };
		40359A911D1AFE1300A97EE3 /* MessageController.swift in Sources */ = {isa = PBXBuildFile; fileRef = 40359A901D1AFE1300A97EE3 /* MessageController.swift */; };
		40359A931D1AFEF200A97EE3 /* Message+CloudKit.swift in Sources */ = {isa = PBXBuildFile; fileRef = 40359A921D1AFEF200A97EE3 /* Message+CloudKit.swift */; };
		40359A961D1B0AF400A97EE3 /* CloudKit.framework in Frameworks */ = {isa = PBXBuildFile; fileRef = 40359A951D1B0AF400A97EE3 /* CloudKit.framework */; };
/* End PBXBuildFile section */

/* Begin PBXFileReference section */
		40359A751D1AF05C00A97EE3 /* BulletinBoard.app */ = {isa = PBXFileReference; explicitFileType = wrapper.application; includeInIndex = 0; path = BulletinBoard.app; sourceTree = BUILT_PRODUCTS_DIR; };
		40359A781D1AF05C00A97EE3 /* AppDelegate.swift */ = {isa = PBXFileReference; lastKnownFileType = sourcecode.swift; path = AppDelegate.swift; sourceTree = "<group>"; };
		40359A7D1D1AF05C00A97EE3 /* Base */ = {isa = PBXFileReference; lastKnownFileType = file.storyboard; name = Base; path = Base.lproj/Main.storyboard; sourceTree = "<group>"; };
		40359A7F1D1AF05C00A97EE3 /* Assets.xcassets */ = {isa = PBXFileReference; lastKnownFileType = folder.assetcatalog; path = Assets.xcassets; sourceTree = "<group>"; };
		40359A821D1AF05C00A97EE3 /* Base */ = {isa = PBXFileReference; lastKnownFileType = file.storyboard; name = Base; path = Base.lproj/LaunchScreen.storyboard; sourceTree = "<group>"; };
		40359A841D1AF05C00A97EE3 /* Info.plist */ = {isa = PBXFileReference; lastKnownFileType = text.plist.xml; path = Info.plist; sourceTree = "<group>"; };
		40359A8A1D1AF2AC00A97EE3 /* MessagesListViewController.swift */ = {isa = PBXFileReference; fileEncoding = 4; lastKnownFileType = sourcecode.swift; path = MessagesListViewController.swift; sourceTree = "<group>"; };
		40359A8C1D1AF42F00A97EE3 /* Message.swift */ = {isa = PBXFileReference; fileEncoding = 4; lastKnownFileType = sourcecode.swift; path = Message.swift; sourceTree = "<group>"; };
		40359A8E1D1AF49200A97EE3 /* CloudKitManager.swift */ = {isa = PBXFileReference; fileEncoding = 4; lastKnownFileType = sourcecode.swift; path = CloudKitManager.swift; sourceTree = "<group>"; };
		40359A901D1AFE1300A97EE3 /* MessageController.swift */ = {isa = PBXFileReference; fileEncoding = 4; lastKnownFileType = sourcecode.swift; path = MessageController.swift; sourceTree = "<group>"; };
		40359A921D1AFEF200A97EE3 /* Message+CloudKit.swift */ = {isa = PBXFileReference; fileEncoding = 4; lastKnownFileType = sourcecode.swift; path = "Message+CloudKit.swift"; sourceTree = "<group>"; };
		40359A941D1B0A6B00A97EE3 /* BulletinBoard.entitlements */ = {isa = PBXFileReference; lastKnownFileType = text.xml; path = BulletinBoard.entitlements; sourceTree = "<group>"; };
		40359A951D1B0AF400A97EE3 /* CloudKit.framework */ = {isa = PBXFileReference; lastKnownFileType = wrapper.framework; name = CloudKit.framework; path = System/Library/Frameworks/CloudKit.framework; sourceTree = SDKROOT; };
/* End PBXFileReference section */

/* Begin PBXFrameworksBuildPhase section */
		40359A721D1AF05C00A97EE3 /* Frameworks */ = {
			isa = PBXFrameworksBuildPhase;
			buildActionMask = 2147483647;
			files = (
				40359A961D1B0AF400A97EE3 /* CloudKit.framework in Frameworks */,
			);
			runOnlyForDeploymentPostprocessing = 0;
		};
/* End PBXFrameworksBuildPhase section */

/* Begin PBXGroup section */
		40359A6C1D1AF05C00A97EE3 = {
			isa = PBXGroup;
			children = (
				40359A951D1B0AF400A97EE3 /* CloudKit.framework */,
				40359A771D1AF05C00A97EE3 /* BulletinBoard */,
				40359A761D1AF05C00A97EE3 /* Products */,
			);
			sourceTree = "<group>";
		};
		40359A761D1AF05C00A97EE3 /* Products */ = {
			isa = PBXGroup;
			children = (
				40359A751D1AF05C00A97EE3 /* BulletinBoard.app */,
			);
			name = Products;
			sourceTree = "<group>";
		};
		40359A771D1AF05C00A97EE3 /* BulletinBoard */ = {
			isa = PBXGroup;
			children = (
				40359A941D1B0A6B00A97EE3 /* BulletinBoard.entitlements */,
				40359A781D1AF05C00A97EE3 /* AppDelegate.swift */,
				40359A7C1D1AF05C00A97EE3 /* Main.storyboard */,
				40359A8C1D1AF42F00A97EE3 /* Message.swift */,
				40359A901D1AFE1300A97EE3 /* MessageController.swift */,
				40359A921D1AFEF200A97EE3 /* Message+CloudKit.swift */,
				40359A8A1D1AF2AC00A97EE3 /* MessagesListViewController.swift */,
				40359A8E1D1AF49200A97EE3 /* CloudKitManager.swift */,
				40359A7F1D1AF05C00A97EE3 /* Assets.xcassets */,
				40359A811D1AF05C00A97EE3 /* LaunchScreen.storyboard */,
				40359A841D1AF05C00A97EE3 /* Info.plist */,
			);
			path = BulletinBoard;
			sourceTree = "<group>";
		};
/* End PBXGroup section */

/* Begin PBXNativeTarget section */
		40359A741D1AF05C00A97EE3 /* BulletinBoard */ = {
			isa = PBXNativeTarget;
			buildConfigurationList = 40359A871D1AF05C00A97EE3 /* Build configuration list for PBXNativeTarget "BulletinBoard" */;
			buildPhases = (
				40359A711D1AF05C00A97EE3 /* Sources */,
				40359A721D1AF05C00A97EE3 /* Frameworks */,
				40359A731D1AF05C00A97EE3 /* Resources */,
			);
			buildRules = (
			);
			dependencies = (
			);
			name = BulletinBoard;
			productName = BulletinBoard;
			productReference = 40359A751D1AF05C00A97EE3 /* BulletinBoard.app */;
			productType = "com.apple.product-type.application";
		};
/* End PBXNativeTarget section */

/* Begin PBXProject section */
		40359A6D1D1AF05C00A97EE3 /* Project object */ = {
			isa = PBXProject;
			attributes = {
				LastSwiftUpdateCheck = 0730;
				LastUpgradeCheck = 0730;
				ORGANIZATIONNAME = "Emily Mearns";
				TargetAttributes = {
					40359A741D1AF05C00A97EE3 = {
						CreatedOnToolsVersion = 7.3;
						DevelopmentTeam = A83596V8S6;
						SystemCapabilities = {
							com.apple.iCloud = {
								enabled = 1;
							};
						};
					};
				};
			};
			buildConfigurationList = 40359A701D1AF05C00A97EE3 /* Build configuration list for PBXProject "BulletinBoard" */;
			compatibilityVersion = "Xcode 3.2";
			developmentRegion = English;
			hasScannedForEncodings = 0;
			knownRegions = (
				en,
				Base,
			);
			mainGroup = 40359A6C1D1AF05C00A97EE3;
			productRefGroup = 40359A761D1AF05C00A97EE3 /* Products */;
			projectDirPath = "";
			projectRoot = "";
			targets = (
				40359A741D1AF05C00A97EE3 /* BulletinBoard */,
			);
		};
/* End PBXProject section */

/* Begin PBXResourcesBuildPhase section */
		40359A731D1AF05C00A97EE3 /* Resources */ = {
			isa = PBXResourcesBuildPhase;
			buildActionMask = 2147483647;
			files = (
				40359A831D1AF05C00A97EE3 /* LaunchScreen.storyboard in Resources */,
				40359A801D1AF05C00A97EE3 /* Assets.xcassets in Resources */,
				40359A7E1D1AF05C00A97EE3 /* Main.storyboard in Resources */,
			);
			runOnlyForDeploymentPostprocessing = 0;
		};
/* End PBXResourcesBuildPhase section */

/* Begin PBXSourcesBuildPhase section */
		40359A711D1AF05C00A97EE3 /* Sources */ = {
			isa = PBXSourcesBuildPhase;
			buildActionMask = 2147483647;
			files = (
				40359A8D1D1AF42F00A97EE3 /* Message.swift in Sources */,
				40359A8B1D1AF2AC00A97EE3 /* MessagesListViewController.swift in Sources */,
				40359A931D1AFEF200A97EE3 /* Message+CloudKit.swift in Sources */,
				40359A911D1AFE1300A97EE3 /* MessageController.swift in Sources */,
				40359A8F1D1AF49200A97EE3 /* CloudKitManager.swift in Sources */,
				40359A791D1AF05C00A97EE3 /* AppDelegate.swift in Sources */,
			);
			runOnlyForDeploymentPostprocessing = 0;
		};
/* End PBXSourcesBuildPhase section */

/* Begin PBXVariantGroup section */
		40359A7C1D1AF05C00A97EE3 /* Main.storyboard */ = {
			isa = PBXVariantGroup;
			children = (
				40359A7D1D1AF05C00A97EE3 /* Base */,
			);
			name = Main.storyboard;
			sourceTree = "<group>";
		};
		40359A811D1AF05C00A97EE3 /* LaunchScreen.storyboard */ = {
			isa = PBXVariantGroup;
			children = (
				40359A821D1AF05C00A97EE3 /* Base */,
			);
			name = LaunchScreen.storyboard;
			sourceTree = "<group>";
		};
/* End PBXVariantGroup section */

/* Begin XCBuildConfiguration section */
		40359A851D1AF05C00A97EE3 /* Debug */ = {
			isa = XCBuildConfiguration;
			buildSettings = {
				ALWAYS_SEARCH_USER_PATHS = NO;
				CLANG_ANALYZER_NONNULL = YES;
				CLANG_CXX_LANGUAGE_STANDARD = "gnu++0x";
				CLANG_CXX_LIBRARY = "libc++";
				CLANG_ENABLE_MODULES = YES;
				CLANG_ENABLE_OBJC_ARC = YES;
				CLANG_WARN_BOOL_CONVERSION = YES;
				CLANG_WARN_CONSTANT_CONVERSION = YES;
				CLANG_WARN_DIRECT_OBJC_ISA_USAGE = YES_ERROR;
				CLANG_WARN_EMPTY_BODY = YES;
				CLANG_WARN_ENUM_CONVERSION = YES;
				CLANG_WARN_INT_CONVERSION = YES;
				CLANG_WARN_OBJC_ROOT_CLASS = YES_ERROR;
				CLANG_WARN_UNREACHABLE_CODE = YES;
				CLANG_WARN__DUPLICATE_METHOD_MATCH = YES;
				"CODE_SIGN_IDENTITY[sdk=iphoneos*]" = "iPhone Developer";
				COPY_PHASE_STRIP = NO;
				DEBUG_INFORMATION_FORMAT = dwarf;
				ENABLE_STRICT_OBJC_MSGSEND = YES;
				ENABLE_TESTABILITY = YES;
				GCC_C_LANGUAGE_STANDARD = gnu99;
				GCC_DYNAMIC_NO_PIC = NO;
				GCC_NO_COMMON_BLOCKS = YES;
				GCC_OPTIMIZATION_LEVEL = 0;
				GCC_PREPROCESSOR_DEFINITIONS = (
					"DEBUG=1",
					"$(inherited)",
				);
				GCC_WARN_64_TO_32_BIT_CONVERSION = YES;
				GCC_WARN_ABOUT_RETURN_TYPE = YES_ERROR;
				GCC_WARN_UNDECLARED_SELECTOR = YES;
				GCC_WARN_UNINITIALIZED_AUTOS = YES_AGGRESSIVE;
				GCC_WARN_UNUSED_FUNCTION = YES;
				GCC_WARN_UNUSED_VARIABLE = YES;
				IPHONEOS_DEPLOYMENT_TARGET = 9.3;
				MTL_ENABLE_DEBUG_INFO = YES;
				ONLY_ACTIVE_ARCH = YES;
				SDKROOT = iphoneos;
				SWIFT_OPTIMIZATION_LEVEL = "-Onone";
				TARGETED_DEVICE_FAMILY = "1,2";
			};
			name = Debug;
		};
		40359A861D1AF05C00A97EE3 /* Release */ = {
			isa = XCBuildConfiguration;
			buildSettings = {
				ALWAYS_SEARCH_USER_PATHS = NO;
				CLANG_ANALYZER_NONNULL = YES;
				CLANG_CXX_LANGUAGE_STANDARD = "gnu++0x";
				CLANG_CXX_LIBRARY = "libc++";
				CLANG_ENABLE_MODULES = YES;
				CLANG_ENABLE_OBJC_ARC = YES;
				CLANG_WARN_BOOL_CONVERSION = YES;
				CLANG_WARN_CONSTANT_CONVERSION = YES;
				CLANG_WARN_DIRECT_OBJC_ISA_USAGE = YES_ERROR;
				CLANG_WARN_EMPTY_BODY = YES;
				CLANG_WARN_ENUM_CONVERSION = YES;
				CLANG_WARN_INT_CONVERSION = YES;
				CLANG_WARN_OBJC_ROOT_CLASS = YES_ERROR;
				CLANG_WARN_UNREACHABLE_CODE = YES;
				CLANG_WARN__DUPLICATE_METHOD_MATCH = YES;
				"CODE_SIGN_IDENTITY[sdk=iphoneos*]" = "iPhone Developer";
				COPY_PHASE_STRIP = NO;
				DEBUG_INFORMATION_FORMAT = "dwarf-with-dsym";
				ENABLE_NS_ASSERTIONS = NO;
				ENABLE_STRICT_OBJC_MSGSEND = YES;
				GCC_C_LANGUAGE_STANDARD = gnu99;
				GCC_NO_COMMON_BLOCKS = YES;
				GCC_WARN_64_TO_32_BIT_CONVERSION = YES;
				GCC_WARN_ABOUT_RETURN_TYPE = YES_ERROR;
				GCC_WARN_UNDECLARED_SELECTOR = YES;
				GCC_WARN_UNINITIALIZED_AUTOS = YES_AGGRESSIVE;
				GCC_WARN_UNUSED_FUNCTION = YES;
				GCC_WARN_UNUSED_VARIABLE = YES;
				IPHONEOS_DEPLOYMENT_TARGET = 9.3;
				MTL_ENABLE_DEBUG_INFO = NO;
				SDKROOT = iphoneos;
				TARGETED_DEVICE_FAMILY = "1,2";
				VALIDATE_PRODUCT = YES;
			};
			name = Release;
		};
		40359A881D1AF05C00A97EE3 /* Debug */ = {
			isa = XCBuildConfiguration;
			buildSettings = {
				ASSETCATALOG_COMPILER_APPICON_NAME = AppIcon;
				CODE_SIGN_ENTITLEMENTS = BulletinBoard/BulletinBoard.entitlements;
				INFOPLIST_FILE = BulletinBoard/Info.plist;
				LD_RUNPATH_SEARCH_PATHS = "$(inherited) @executable_path/Frameworks";
				PRODUCT_BUNDLE_IDENTIFIER = com.EM.BulletinBoard;
				PRODUCT_NAME = "$(TARGET_NAME)";
			};
			name = Debug;
		};
		40359A891D1AF05C00A97EE3 /* Release */ = {
			isa = XCBuildConfiguration;
			buildSettings = {
				ASSETCATALOG_COMPILER_APPICON_NAME = AppIcon;
				CODE_SIGN_ENTITLEMENTS = BulletinBoard/BulletinBoard.entitlements;
				INFOPLIST_FILE = BulletinBoard/Info.plist;
				LD_RUNPATH_SEARCH_PATHS = "$(inherited) @executable_path/Frameworks";
				PRODUCT_BUNDLE_IDENTIFIER = com.EM.BulletinBoard;
				PRODUCT_NAME = "$(TARGET_NAME)";
			};
			name = Release;
		};
/* End XCBuildConfiguration section */

/* Begin XCConfigurationList section */
		40359A701D1AF05C00A97EE3 /* Build configuration list for PBXProject "BulletinBoard" */ = {
			isa = XCConfigurationList;
			buildConfigurations = (
				40359A851D1AF05C00A97EE3 /* Debug */,
				40359A861D1AF05C00A97EE3 /* Release */,
			);
			defaultConfigurationIsVisible = 0;
			defaultConfigurationName = Release;
		};
		40359A871D1AF05C00A97EE3 /* Build configuration list for PBXNativeTarget "BulletinBoard" */ = {
			isa = XCConfigurationList;
			buildConfigurations = (
				40359A881D1AF05C00A97EE3 /* Debug */,
				40359A891D1AF05C00A97EE3 /* Release */,
			);
			defaultConfigurationIsVisible = 0;
		};
/* End XCConfigurationList section */
	};
	rootObject = 40359A6D1D1AF05C00A97EE3 /* Project object */;
}
